
Microsoft Visual Studio Solution File, Format Version 12.00
# Visual Studio Version 17
VisualStudioVersion = 17.0.31903.59
MinimumVisualStudioVersion = 10.0.40219.1
Project("{2150E333-8FDC-42A3-9474-1A3956D46DE8}") = "src", "src", "{D4EA538B-BEFC-4AC4-885D-7B291607E8D6}"
EndProject
Project("{2150E333-8FDC-42A3-9474-1A3956D46DE8}") = "sdk", "sdk", "{6B6BD141-1A0A-4926-8C72-B6EDBD14E0E5}"
EndProject
Project("{FAE04EC0-301F-11D3-BF4B-00C04F79EFBC}") = "LongBetterWindows.Host", "src\LongBetterWindows.Host\LongBetterWindows.Host.csproj", "{2377FE67-6DE4-4E5E-B1A4-B031780E4ED1}"
EndProject
Project("{FAE04EC0-301F-11D3-BF4B-00C04F79EFBC}") = "SamplePlugin", "src\SamplePlugin\SamplePlugin.csproj", "{1D2BE32C-9103-45A5-BD27-127F2535FC43}"
EndProject
Project("{FAE04EC0-301F-11D3-BF4B-00C04F79EFBC}") = "FolderNotePlugin", "src\FolderNotePlugin\FolderNotePlugin.csproj", "{0958F036-769C-4C57-9E59-8FF3DFB7E118}"
EndProject
Project("{FAE04EC0-301F-11D3-BF4B-00C04F79EFBC}") = "QuickLaunchPlugin", "src\QuickLaunchPlugin\QuickLaunchPlugin.csproj", "{C5BE45D2-39F9-4FF5-90F4-2B83E305241D}"
EndProject
Project("{FAE04EC0-301F-11D3-BF4B-00C04F79EFBC}") = "MacroPlugin", "src\MacroPlugin\MacroPlugin.csproj", "{C3D75DE8-8BDD-4EAD-A4E0-A0C4051F439E}"
EndProject
Project("{FAE04EC0-301F-11D3-BF4B-00C04F79EFBC}") = "ColorPickerPlugin", "src\ColorPickerPlugin\ColorPickerPlugin.csproj", "{9462664C-E6C1-4E62-A4A6-D2D59EB98386}"
EndProject
Project("{FAE04EC0-301F-11D3-BF4B-00C04F79EFBC}") = "ScreenshotPlugin", "src\ScreenshotPlugin\ScreenshotPlugin.csproj", "{1F2C5A7A-FBC9-488F-A4F4-3B49FAE9436C}"
EndProject
Project("{FAE04EC0-301F-11D3-BF4B-00C04F79EFBC}") = "WindowManagerPlugin", "src\WindowManagerPlugin\WindowManagerPlugin.csproj", "{574B4EB8-E87A-4FD8-B6A1-A2F478280858}"
EndProject
Project("{2150E333-8FDC-42A3-9474-1A3956D46DE8}") = "Tests", "Tests", "{2F570B66-3D14-455D-8B3C-7270332BE3D7}"
EndProject
Project("{FAE04EC0-301F-11D3-BF4B-00C04F79EFBC}") = "LongBetterWindows.Tests", "tests\LongBetterWindows.Tests\LongBetterWindows.Tests.csproj", "{6F36325A-F326-4814-BBAE-F3D7C274E7B4}"
EndProject
Project("{FAE04EC0-301F-11D3-BF4B-00C04F79EFBC}") = "LongBetterWindows.MarketplacePublisher", "tools\LongBetterWindows.MarketplacePublisher\LongBetterWindows.MarketplacePublisher.csproj", "{A8D57D03-9EAB-43D8-B512-0F2BC9839071}"
EndProject
Project("{FAE04EC0-301F-11D3-BF4B-00C04F79EFBC}") = "LongBetterWindows.PluginValidator", "tools\LongBetterWindows.PluginValidator\LongBetterWindows.PluginValidator.csproj", "{3CBFB0F0-6442-4141-A5B8-79280D9C829A}"
EndProject
Project("{FAE04EC0-301F-11D3-BF4B-00C04F79EFBC}") = "ClipboardHistoryBackground", "src\ClipboardHistoryBackground\ClipboardHistoryBackground.csproj", "{5963EB81-3174-4980-8CFC-A4DAAA161A7B}"
EndProject
Project("{FAE04EC0-301F-11D3-BF4B-00C04F79EFBC}") = "LongBetterWindows.PluginSdk", "src\LongBetterWindows.PluginSdk\LongBetterWindows.PluginSdk.csproj", "{23462FAD-DD30-4D69-8D34-B67694622C16}"
EndProject
Project("{FAE04EC0-301F-11D3-BF4B-00C04F79EFBC}") = "LongBetterWindows.PluginIpc", "src\LongBetterWindows.PluginIpc\LongBetterWindows.PluginIpc.csproj", "{D2EE21F8-9328-4610-A2E6-617430D4A842}"
EndProject
Project("{FAE04EC0-301F-11D3-BF4B-00C04F79EFBC}") = "LongBetterWindows.PluginSdk.Testing", "sdk\dotnet\LongBetterWindows.PluginSdk.Testing\LongBetterWindows.PluginSdk.Testing.csproj", "{5D63AC19-F680-423E-8041-5F94D2BF3E04}"
EndProject
Project("{FAE04EC0-301F-11D3-BF4B-00C04F79EFBC}") = "LongBetterWindows.PluginSdk.Wpf", "src\LongBetterWindows.PluginSdk.Wpf\LongBetterWindows.PluginSdk.Wpf.csproj", "{80311E10-2AC3-4CBB-9A5F-9A5CA0B2965B}"
EndProject
Project("{2150E333-8FDC-42A3-9474-1A3956D46DE8}") = "tools", "tools", "{07C2787E-EAC7-C090-1BA3-A61EC2A24D84}"
EndProject
Project("{FAE04EC0-301F-11D3-BF4B-00C04F79EFBC}") = "LongBetterWindows.PluginIpcProbe", "tools\LongBetterWindows.PluginIpcProbe\LongBetterWindows.PluginIpcProbe.csproj", "{A0675CC1-C857-4666-BC2B-E915D13E9D8F}"
EndProject
Project("{FAE04EC0-301F-11D3-BF4B-00C04F79EFBC}") = "LongBetterWindows.PluginCatalogGenerator", "tools\LongBetterWindows.PluginCatalogGenerator\LongBetterWindows.PluginCatalogGenerator.csproj", "{1668C912-965F-4D60-8F05-1932FECB6467}"
EndProject
Global
	GlobalSection(SolutionConfigurationPlatforms) = preSolution
		Debug|Any CPU = Debug|Any CPU
		Debug|x64 = Debug|x64
		Debug|x86 = Debug|x86
		Release|Any CPU = Release|Any CPU
		Release|x64 = Release|x64
		Release|x86 = Release|x86
	EndGlobalSection
	GlobalSection(ProjectConfigurationPlatforms) = postSolution
		{2377FE67-6DE4-4E5E-B1A4-B031780E4ED1}.Debug|Any CPU.ActiveCfg = Debug|Any CPU
		{2377FE67-6DE4-4E5E-B1A4-B031780E4ED1}.Debug|Any CPU.Build.0 = Debug|Any CPU
		{2377FE67-6DE4-4E5E-B1A4-B031780E4ED1}.Debug|x64.ActiveCfg = Debug|Any CPU
		{2377FE67-6DE4-4E5E-B1A4-B031780E4ED1}.Debug|x64.Build.0 = Debug|Any CPU
		{2377FE67-6DE4-4E5E-B1A4-B031780E4ED1}.Debug|x86.ActiveCfg = Debug|Any CPU
		{2377FE67-6DE4-4E5E-B1A4-B031780E4ED1}.Debug|x86.Build.0 = Debug|Any CPU
		{2377FE67-6DE4-4E5E-B1A4-B031780E4ED1}.Release|Any CPU.ActiveCfg = Release|Any CPU
		{2377FE67-6DE4-4E5E-B1A4-B031780E4ED1}.Release|Any CPU.Build.0 = Release|Any CPU
		{2377FE67-6DE4-4E5E-B1A4-B031780E4ED1}.Release|x64.ActiveCfg = Release|Any CPU
		{2377FE67-6DE4-4E5E-B1A4-B031780E4ED1}.Release|x64.Build.0 = Release|Any CPU
		{2377FE67-6DE4-4E5E-B1A4-B031780E4ED1}.Release|x86.ActiveCfg = Release|Any CPU
		{2377FE67-6DE4-4E5E-B1A4-B031780E4ED1}.Release|x86.Build.0 = Release|Any CPU
		{1D2BE32C-9103-45A5-BD27-127F2535FC43}.Debug|Any CPU.ActiveCfg = Debug|Any CPU
		{1D2BE32C-9103-45A5-BD27-127F2535FC43}.Debug|Any CPU.Build.0 = Debug|Any CPU
		{1D2BE32C-9103-45A5-BD27-127F2535FC43}.Debug|x64.ActiveCfg = Debug|Any CPU
		{1D2BE32C-9103-45A5-BD27-127F2535FC43}.Debug|x64.Build.0 = Debug|Any CPU
		{1D2BE32C-9103-45A5-BD27-127F2535FC43}.Debug|x86.ActiveCfg = Debug|Any CPU
		{1D2BE32C-9103-45A5-BD27-127F2535FC43}.Debug|x86.Build.0 = Debug|Any CPU
		{1D2BE32C-9103-45A5-BD27-127F2535FC43}.Release|Any CPU.ActiveCfg = Release|Any CPU
		{1D2BE32C-9103-45A5-BD27-127F2535FC43}.Release|Any CPU.Build.0 = Release|Any CPU
		{1D2BE32C-9103-45A5-BD27-127F2535FC43}.Release|x64.ActiveCfg = Release|Any CPU
		{1D2BE32C-9103-45A5-BD27-127F2535FC43}.Release|x64.Build.0 = Release|Any CPU
		{1D2BE32C-9103-45A5-BD27-127F2535FC43}.Release|x86.ActiveCfg = Release|Any CPU
		{1D2BE32C-9103-45A5-BD27-127F2535FC43}.Release|x86.Build.0 = Release|Any CPU
		{0958F036-769C-4C57-9E59-8FF3DFB7E118}.Debug|Any CPU.ActiveCfg = Debug|Any CPU
		{0958F036-769C-4C57-9E59-8FF3DFB7E118}.Debug|Any CPU.Build.0 = Debug|Any CPU
		{0958F036-769C-4C57-9E59-8FF3DFB7E118}.Debug|x64.ActiveCfg = Debug|Any CPU
		{0958F036-769C-4C57-9E59-8FF3DFB7E118}.Debug|x64.Build.0 = Debug|Any CPU
		{0958F036-769C-4C57-9E59-8FF3DFB7E118}.Debug|x86.ActiveCfg = Debug|Any CPU
		{0958F036-769C-4C57-9E59-8FF3DFB7E118}.Debug|x86.Build.0 = Debug|Any CPU
		{0958F036-769C-4C57-9E59-8FF3DFB7E118}.Release|Any CPU.ActiveCfg = Release|Any CPU
		{0958F036-769C-4C57-9E59-8FF3DFB7E118}.Release|Any CPU.Build.0 = Release|Any CPU
		{0958F036-769C-4C57-9E59-8FF3DFB7E118}.Release|x64.ActiveCfg = Release|Any CPU
		{0958F036-769C-4C57-9E59-8FF3DFB7E118}.Release|x64.Build.0 = Release|Any CPU
		{0958F036-769C-4C57-9E59-8FF3DFB7E118}.Release|x86.ActiveCfg = Release|Any CPU
		{0958F036-769C-4C57-9E59-8FF3DFB7E118}.Release|x86.Build.0 = Release|Any CPU
		{C5BE45D2-39F9-4FF5-90F4-2B83E305241D}.Debug|Any CPU.ActiveCfg = Debug|Any CPU
		{C5BE45D2-39F9-4FF5-90F4-2B83E305241D}.Debug|Any CPU.Build.0 = Debug|Any CPU
		{C5BE45D2-39F9-4FF5-90F4-2B83E305241D}.Debug|x64.ActiveCfg = Debug|Any CPU
		{C5BE45D2-39F9-4FF5-90F4-2B83E305241D}.Debug|x64.Build.0 = Debug|Any CPU
		{C5BE45D2-39F9-4FF5-90F4-2B83E305241D}.Debug|x86.ActiveCfg = Debug|Any CPU
		{C5BE45D2-39F9-4FF5-90F4-2B83E305241D}.Debug|x86.Build.0 = Debug|Any CPU
		{C5BE45D2-39F9-4FF5-90F4-2B83E305241D}.Release|Any CPU.ActiveCfg = Release|Any CPU
		{C5BE45D2-39F9-4FF5-90F4-2B83E305241D}.Release|Any CPU.Build.0 = Release|Any CPU
		{C5BE45D2-39F9-4FF5-90F4-2B83E305241D}.Release|x64.ActiveCfg = Release|Any CPU
		{C5BE45D2-39F9-4FF5-90F4-2B83E305241D}.Release|x64.Build.0 = Release|Any CPU
		{C5BE45D2-39F9-4FF5-90F4-2B83E305241D}.Release|x86.ActiveCfg = Release|Any CPU
		{C5BE45D2-39F9-4FF5-90F4-2B83E305241D}.Release|x86.Build.0 = Release|Any CPU
		{C3D75DE8-8BDD-4EAD-A4E0-A0C4051F439E}.Debug|Any CPU.ActiveCfg = Debug|Any CPU
		{C3D75DE8-8BDD-4EAD-A4E0-A0C4051F439E}.Debug|Any CPU.Build.0 = Debug|Any CPU
		{C3D75DE8-8BDD-4EAD-A4E0-A0C4051F439E}.Debug|x64.ActiveCfg = Debug|Any CPU
		{C3D75DE8-8BDD-4EAD-A4E0-A0C4051F439E}.Debug|x64.Build.0 = Debug|Any CPU
		{C3D75DE8-8BDD-4EAD-A4E0-A0C4051F439E}.Debug|x86.ActiveCfg = Debug|Any CPU
		{C3D75DE8-8BDD-4EAD-A4E0-A0C4051F439E}.Debug|x86.Build.0 = Debug|Any CPU
		{C3D75DE8-8BDD-4EAD-A4E0-A0C4051F439E}.Release|Any CPU.ActiveCfg = Release|Any CPU
		{C3D75DE8-8BDD-4EAD-A4E0-A0C4051F439E}.Release|Any CPU.Build.0 = Release|Any CPU
		{C3D75DE8-8BDD-4EAD-A4E0-A0C4051F439E}.Release|x64.ActiveCfg = Release|Any CPU
		{C3D75DE8-8BDD-4EAD-A4E0-A0C4051F439E}.Release|x64.Build.0 = Release|Any CPU
		{C3D75DE8-8BDD-4EAD-A4E0-A0C4051F439E}.Release|x86.ActiveCfg = Release|Any CPU
		{C3D75DE8-8BDD-4EAD-A4E0-A0C4051F439E}.Release|x86.Build.0 = Release|Any CPU
		{9462664C-E6C1-4E62-A4A6-D2D59EB98386}.Debug|Any CPU.ActiveCfg = Debug|Any CPU
		{9462664C-E6C1-4E62-A4A6-D2D59EB98386}.Debug|Any CPU.Build.0 = Debug|Any CPU
		{9462664C-E6C1-4E62-A4A6-D2D59EB98386}.Debug|x64.ActiveCfg = Debug|Any CPU
		{9462664C-E6C1-4E62-A4A6-D2D59EB98386}.Debug|x64.Build.0 = Debug|Any CPU
		{9462664C-E6C1-4E62-A4A6-D2D59EB98386}.Debug|x86.ActiveCfg = Debug|Any CPU
		{9462664C-E6C1-4E62-A4A6-D2D59EB98386}.Debug|x86.Build.0 = Debug|Any CPU
		{9462664C-E6C1-4E62-A4A6-D2D59EB98386}.Release|Any CPU.ActiveCfg = Release|Any CPU
		{9462664C-E6C1-4E62-A4A6-D2D59EB98386}.Release|Any CPU.Build.0 = Release|Any CPU
		{9462664C-E6C1-4E62-A4A6-D2D59EB98386}.Release|x64.ActiveCfg = Release|Any CPU
		{9462664C-E6C1-4E62-A4A6-D2D59EB98386}.Release|x64.Build.0 = Release|Any CPU
		{9462664C-E6C1-4E62-A4A6-D2D59EB98386}.Release|x86.ActiveCfg = Release|Any CPU
		{9462664C-E6C1-4E62-A4A6-D2D59EB98386}.Release|x86.Build.0 = Release|Any CPU
		{1F2C5A7A-FBC9-488F-A4F4-3B49FAE9436C}.Debug|Any CPU.ActiveCfg = Debug|Any CPU
		{1F2C5A7A-FBC9-488F-A4F4-3B49FAE9436C}.Debug|Any CPU.Build.0 = Debug|Any CPU
		{1F2C5A7A-FBC9-488F-A4F4-3B49FAE9436C}.Debug|x64.ActiveCfg = Debug|Any CPU
		{1F2C5A7A-FBC9-488F-A4F4-3B49FAE9436C}.Debug|x64.Build.0 = Debug|Any CPU
		{1F2C5A7A-FBC9-488F-A4F4-3B49FAE9436C}.Debug|x86.ActiveCfg = Debug|Any CPU
		{1F2C5A7A-FBC9-488F-A4F4-3B49FAE9436C}.Debug|x86.Build.0 = Debug|Any CPU
		{1F2C5A7A-FBC9-488F-A4F4-3B49FAE9436C}.Release|Any CPU.ActiveCfg = Release|Any CPU
		{1F2C5A7A-FBC9-488F-A4F4-3B49FAE9436C}.Release|Any CPU.Build.0 = Release|Any CPU
		{1F2C5A7A-FBC9-488F-A4F4-3B49FAE9436C}.Release|x64.ActiveCfg = Release|Any CPU
		{1F2C5A7A-FBC9-488F-A4F4-3B49FAE9436C}.Release|x64.Build.0 = Release|Any CPU
		{1F2C5A7A-FBC9-488F-A4F4-3B49FAE9436C}.Release|x86.ActiveCfg = Release|Any CPU
		{1F2C5A7A-FBC9-488F-A4F4-3B49FAE9436C}.Release|x86.Build.0 = Release|Any CPU
		{574B4EB8-E87A-4FD8-B6A1-A2F478280858}.Debug|Any CPU.ActiveCfg = Debug|Any CPU
		{574B4EB8-E87A-4FD8-B6A1-A2F478280858}.Debug|Any CPU.Build.0 = Debug|Any CPU
		{574B4EB8-E87A-4FD8-B6A1-A2F478280858}.Debug|x64.ActiveCfg = Debug|Any CPU
		{574B4EB8-E87A-4FD8-B6A1-A2F478280858}.Debug|x64.Build.0 = Debug|Any CPU
		{574B4EB8-E87A-4FD8-B6A1-A2F478280858}.Debug|x86.ActiveCfg = Debug|Any CPU
		{574B4EB8-E87A-4FD8-B6A1-A2F478280858}.Debug|x86.Build.0 = Debug|Any CPU
		{574B4EB8-E87A-4FD8-B6A1-A2F478280858}.Release|Any CPU.ActiveCfg = Release|Any CPU
		{574B4EB8-E87A-4FD8-B6A1-A2F478280858}.Release|Any CPU.Build.0 = Release|Any CPU
		{574B4EB8-E87A-4FD8-B6A1-A2F478280858}.Release|x64.ActiveCfg = Release|Any CPU
		{574B4EB8-E87A-4FD8-B6A1-A2F478280858}.Release|x64.Build.0 = Release|Any CPU
		{574B4EB8-E87A-4FD8-B6A1-A2F478280858}.Release|x86.ActiveCfg = Release|Any CPU
		{574B4EB8-E87A-4FD8-B6A1-A2F478280858}.Release|x86.Build.0 = Release|Any CPU
		{6F36325A-F326-4814-BBAE-F3D7C274E7B4}.Debug|Any CPU.ActiveCfg = Debug|Any CPU
		{6F36325A-F326-4814-BBAE-F3D7C274E7B4}.Debug|Any CPU.Build.0 = Debug|Any CPU
		{6F36325A-F326-4814-BBAE-F3D7C274E7B4}.Debug|x64.ActiveCfg = Debug|Any CPU
		{6F36325A-F326-4814-BBAE-F3D7C274E7B4}.Debug|x64.Build.0 = Debug|Any CPU
		{6F36325A-F326-4814-BBAE-F3D7C274E7B4}.Debug|x86.ActiveCfg = Debug|Any CPU
		{6F36325A-F326-4814-BBAE-F3D7C274E7B4}.Debug|x86.Build.0 = Debug|Any CPU
		{6F36325A-F326-4814-BBAE-F3D7C274E7B4}.Release|Any CPU.ActiveCfg = Release|Any CPU
		{6F36325A-F326-4814-BBAE-F3D7C274E7B4}.Release|Any CPU.Build.0 = Release|Any CPU
		{6F36325A-F326-4814-BBAE-F3D7C274E7B4}.Release|x64.ActiveCfg = Release|Any CPU
		{6F36325A-F326-4814-BBAE-F3D7C274E7B4}.Release|x64.Build.0 = Release|Any CPU
		{6F36325A-F326-4814-BBAE-F3D7C274E7B4}.Release|x86.ActiveCfg = Release|Any CPU
		{6F36325A-F326-4814-BBAE-F3D7C274E7B4}.Release|x86.Build.0 = Release|Any CPU
		{A8D57D03-9EAB-43D8-B512-0F2BC9839071}.Debug|Any CPU.ActiveCfg = Debug|Any CPU
		{A8D57D03-9EAB-43D8-B512-0F2BC9839071}.Debug|Any CPU.Build.0 = Debug|Any CPU
		{A8D57D03-9EAB-43D8-B512-0F2BC9839071}.Debug|x64.ActiveCfg = Debug|Any CPU
		{A8D57D03-9EAB-43D8-B512-0F2BC9839071}.Debug|x64.Build.0 = Debug|Any CPU
		{A8D57D03-9EAB-43D8-B512-0F2BC9839071}.Debug|x86.ActiveCfg = Debug|Any CPU
		{A8D57D03-9EAB-43D8-B512-0F2BC9839071}.Debug|x86.Build.0 = Debug|Any CPU
		{A8D57D03-9EAB-43D8-B512-0F2BC9839071}.Release|Any CPU.ActiveCfg = Release|Any CPU
		{A8D57D03-9EAB-43D8-B512-0F2BC9839071}.Release|Any CPU.Build.0 = Release|Any CPU
		{A8D57D03-9EAB-43D8-B512-0F2BC9839071}.Release|x64.ActiveCfg = Release|Any CPU
		{A8D57D03-9EAB-43D8-B512-0F2BC9839071}.Release|x64.Build.0 = Release|Any CPU
		{A8D57D03-9EAB-43D8-B512-0F2BC9839071}.Release|x86.ActiveCfg = Release|Any CPU
		{A8D57D03-9EAB-43D8-B512-0F2BC9839071}.Release|x86.Build.0 = Release|Any CPU
		{3CBFB0F0-6442-4141-A5B8-79280D9C829A}.Debug|Any CPU.ActiveCfg = Debug|Any CPU
		{3CBFB0F0-6442-4141-A5B8-79280D9C829A}.Debug|Any CPU.Build.0 = Debug|Any CPU
		{3CBFB0F0-6442-4141-A5B8-79280D9C829A}.Debug|x64.ActiveCfg = Debug|Any CPU
		{3CBFB0F0-6442-4141-A5B8-79280D9C829A}.Debug|x64.Build.0 = Debug|Any CPU
		{3CBFB0F0-6442-4141-A5B8-79280D9C829A}.Debug|x86.ActiveCfg = Debug|Any CPU
		{3CBFB0F0-6442-4141-A5B8-79280D9C829A}.Debug|x86.Build.0 = Debug|Any CPU
		{3CBFB0F0-6442-4141-A5B8-79280D9C829A}.Release|Any CPU.ActiveCfg = Release|Any CPU
		{3CBFB0F0-6442-4141-A5B8-79280D9C829A}.Release|Any CPU.Build.0 = Release|Any CPU
		{3CBFB0F0-6442-4141-A5B8-79280D9C829A}.Release|x64.ActiveCfg = Release|Any CPU
		{3CBFB0F0-6442-4141-A5B8-79280D9C829A}.Release|x64.Build.0 = Release|Any CPU
		{3CBFB0F0-6442-4141-A5B8-79280D9C829A}.Release|x86.ActiveCfg = Release|Any CPU
		{3CBFB0F0-6442-4141-A5B8-79280D9C829A}.Release|x86.Build.0 = Release|Any CPU
		{5963EB81-3174-4980-8CFC-A4DAAA161A7B}.Debug|Any CPU.ActiveCfg = Debug|Any CPU
		{5963EB81-3174-4980-8CFC-A4DAAA161A7B}.Debug|Any CPU.Build.0 = Debug|Any CPU
		{5963EB81-3174-4980-8CFC-A4DAAA161A7B}.Debug|x64.ActiveCfg = Debug|Any CPU
		{5963EB81-3174-4980-8CFC-A4DAAA161A7B}.Debug|x64.Build.0 = Debug|Any CPU
		{5963EB81-3174-4980-8CFC-A4DAAA161A7B}.Debug|x86.ActiveCfg = Debug|Any CPU
		{5963EB81-3174-4980-8CFC-A4DAAA161A7B}.Debug|x86.Build.0 = Debug|Any CPU
		{5963EB81-3174-4980-8CFC-A4DAAA161A7B}.Release|Any CPU.ActiveCfg = Release|Any CPU
		{5963EB81-3174-4980-8CFC-A4DAAA161A7B}.Release|Any CPU.Build.0 = Release|Any CPU
		{5963EB81-3174-4980-8CFC-A4DAAA161A7B}.Release|x64.ActiveCfg = Release|Any CPU
		{5963EB81-3174-4980-8CFC-A4DAAA161A7B}.Release|x64.Build.0 = Release|Any CPU
		{5963EB81-3174-4980-8CFC-A4DAAA161A7B}.Release|x86.ActiveCfg = Release|Any CPU
		{5963EB81-3174-4980-8CFC-A4DAAA161A7B}.Release|x86.Build.0 = Release|Any CPU
		{23462FAD-DD30-4D69-8D34-B67694622C16}.Debug|Any CPU.ActiveCfg = Debug|Any CPU
		{23462FAD-DD30-4D69-8D34-B67694622C16}.Debug|Any CPU.Build.0 = Debug|Any CPU
		{23462FAD-DD30-4D69-8D34-B67694622C16}.Debug|x64.ActiveCfg = Debug|Any CPU
		{23462FAD-DD30-4D69-8D34-B67694622C16}.Debug|x64.Build.0 = Debug|Any CPU
		{23462FAD-DD30-4D69-8D34-B67694622C16}.Debug|x86.ActiveCfg = Debug|Any CPU
		{23462FAD-DD30-4D69-8D34-B67694622C16}.Debug|x86.Build.0 = Debug|Any CPU
		{23462FAD-DD30-4D69-8D34-B67694622C16}.Release|Any CPU.ActiveCfg = Release|Any CPU
		{23462FAD-DD30-4D69-8D34-B67694622C16}.Release|Any CPU.Build.0 = Release|Any CPU
		{23462FAD-DD30-4D69-8D34-B67694622C16}.Release|x64.ActiveCfg = Release|Any CPU
		{23462FAD-DD30-4D69-8D34-B67694622C16}.Release|x64.Build.0 = Release|Any CPU
		{23462FAD-DD30-4D69-8D34-B67694622C16}.Release|x86.ActiveCfg = Release|Any CPU
		{23462FAD-DD30-4D69-8D34-B67694622C16}.Release|x86.Build.0 = Release|Any CPU
		{D2EE21F8-9328-4610-A2E6-617430D4A842}.Debug|Any CPU.ActiveCfg = Debug|Any CPU
		{D2EE21F8-9328-4610-A2E6-617430D4A842}.Debug|Any CPU.Build.0 = Debug|Any CPU
		{D2EE21F8-9328-4610-A2E6-617430D4A842}.Debug|x64.ActiveCfg = Debug|Any CPU
		{D2EE21F8-9328-4610-A2E6-617430D4A842}.Debug|x64.Build.0 = Debug|Any CPU
		{D2EE21F8-9328-4610-A2E6-617430D4A842}.Debug|x86.ActiveCfg = Debug|Any CPU
		{D2EE21F8-9328-4610-A2E6-617430D4A842}.Debug|x86.Build.0 = Debug|Any CPU
		{D2EE21F8-9328-4610-A2E6-617430D4A842}.Release|Any CPU.ActiveCfg = Release|Any CPU
		{D2EE21F8-9328-4610-A2E6-617430D4A842}.Release|Any CPU.Build.0 = Release|Any CPU
		{D2EE21F8-9328-4610-A2E6-617430D4A842}.Release|x64.ActiveCfg = Release|Any CPU
		{D2EE21F8-9328-4610-A2E6-617430D4A842}.Release|x64.Build.0 = Release|Any CPU
		{D2EE21F8-9328-4610-A2E6-617430D4A842}.Release|x86.ActiveCfg = Release|Any CPU
		{D2EE21F8-9328-4610-A2E6-617430D4A842}.Release|x86.Build.0 = Release|Any CPU
		{5D63AC19-F680-423E-8041-5F94D2BF3E04}.Debug|Any CPU.ActiveCfg = Debug|Any CPU
		{5D63AC19-F680-423E-8041-5F94D2BF3E04}.Debug|Any CPU.Build.0 = Debug|Any CPU
		{5D63AC19-F680-423E-8041-5F94D2BF3E04}.Debug|x64.ActiveCfg = Debug|Any CPU
		{5D63AC19-F680-423E-8041-5F94D2BF3E04}.Debug|x64.Build.0 = Debug|Any CPU
		{5D63AC19-F680-423E-8041-5F94D2BF3E04}.Debug|x86.ActiveCfg = Debug|Any CPU
		{5D63AC19-F680-423E-8041-5F94D2BF3E04}.Debug|x86.Build.0 = Debug|Any CPU
		{5D63AC19-F680-423E-8041-5F94D2BF3E04}.Release|Any CPU.ActiveCfg = Release|Any CPU
		{5D63AC19-F680-423E-8041-5F94D2BF3E04}.Release|Any CPU.Build.0 = Release|Any CPU
		{5D63AC19-F680-423E-8041-5F94D2BF3E04}.Release|x64.ActiveCfg = Release|Any CPU
		{5D63AC19-F680-423E-8041-5F94D2BF3E04}.Release|x64.Build.0 = Release|Any CPU
		{5D63AC19-F680-423E-8041-5F94D2BF3E04}.Release|x86.ActiveCfg = Release|Any CPU
		{5D63AC19-F680-423E-8041-5F94D2BF3E04}.Release|x86.Build.0 = Release|Any CPU
		{80311E10-2AC3-4CBB-9A5F-9A5CA0B2965B}.Debug|Any CPU.ActiveCfg = Debug|Any CPU
		{80311E10-2AC3-4CBB-9A5F-9A5CA0B2965B}.Debug|Any CPU.Build.0 = Debug|Any CPU
		{80311E10-2AC3-4CBB-9A5F-9A5CA0B2965B}.Debug|x64.ActiveCfg = Debug|Any CPU
		{80311E10-2AC3-4CBB-9A5F-9A5CA0B2965B}.Debug|x64.Build.0 = Debug|Any CPU
		{80311E10-2AC3-4CBB-9A5F-9A5CA0B2965B}.Debug|x86.ActiveCfg = Debug|Any CPU
		{80311E10-2AC3-4CBB-9A5F-9A5CA0B2965B}.Debug|x86.Build.0 = Debug|Any CPU
		{80311E10-2AC3-4CBB-9A5F-9A5CA0B2965B}.Release|Any CPU.ActiveCfg = Release|Any CPU
		{80311E10-2AC3-4CBB-9A5F-9A5CA0B2965B}.Release|Any CPU.Build.0 = Release|Any CPU
		{80311E10-2AC3-4CBB-9A5F-9A5CA0B2965B}.Release|x64.ActiveCfg = Release|Any CPU
		{80311E10-2AC3-4CBB-9A5F-9A5CA0B2965B}.Release|x64.Build.0 = Release|Any CPU
		{80311E10-2AC3-4CBB-9A5F-9A5CA0B2965B}.Release|x86.ActiveCfg = Release|Any CPU
		{80311E10-2AC3-4CBB-9A5F-9A5CA0B2965B}.Release|x86.Build.0 = Release|Any CPU
		{A0675CC1-C857-4666-BC2B-E915D13E9D8F}.Debug|Any CPU.ActiveCfg = Debug|Any CPU
		{A0675CC1-C857-4666-BC2B-E915D13E9D8F}.Debug|Any CPU.Build.0 = Debug|Any CPU
		{A0675CC1-C857-4666-BC2B-E915D13E9D8F}.Debug|x64.ActiveCfg = Debug|Any CPU
		{A0675CC1-C857-4666-BC2B-E915D13E9D8F}.Debug|x64.Build.0 = Debug|Any CPU
		{A0675CC1-C857-4666-BC2B-E915D13E9D8F}.Debug|x86.ActiveCfg = Debug|Any CPU
		{A0675CC1-C857-4666-BC2B-E915D13E9D8F}.Debug|x86.Build.0 = Debug|Any CPU
		{A0675CC1-C857-4666-BC2B-E915D13E9D8F}.Release|Any CPU.ActiveCfg = Release|Any CPU
		{A0675CC1-C857-4666-BC2B-E915D13E9D8F}.Release|Any CPU.Build.0 = Release|Any CPU
		{A0675CC1-C857-4666-BC2B-E915D13E9D8F}.Release|x64.ActiveCfg = Release|Any CPU
		{A0675CC1-C857-4666-BC2B-E915D13E9D8F}.Release|x64.Build.0 = Release|Any CPU
		{A0675CC1-C857-4666-BC2B-E915D13E9D8F}.Release|x86.ActiveCfg = Release|Any CPU
		{A0675CC1-C857-4666-BC2B-E915D13E9D8F}.Release|x86.Build.0 = Release|Any CPU
		{1668C912-965F-4D60-8F05-1932FECB6467}.Debug|Any CPU.ActiveCfg = Debug|Any CPU
		{1668C912-965F-4D60-8F05-1932FECB6467}.Debug|Any CPU.Build.0 = Debug|Any CPU
		{1668C912-965F-4D60-8F05-1932FECB6467}.Debug|x64.ActiveCfg = Debug|Any CPU
		{1668C912-965F-4D60-8F05-1932FECB6467}.Debug|x64.Build.0 = Debug|Any CPU
		{1668C912-965F-4D60-8F05-1932FECB6467}.Debug|x86.ActiveCfg = Debug|Any CPU
		{1668C912-965F-4D60-8F05-1932FECB6467}.Debug|x86.Build.0 = Debug|Any CPU
		{1668C912-965F-4D60-8F05-1932FECB6467}.Release|Any CPU.ActiveCfg = Release|Any CPU
		{1668C912-965F-4D60-8F05-1932FECB6467}.Release|Any CPU.Build.0 = Release|Any CPU
		{1668C912-965F-4D60-8F05-1932FECB6467}.Release|x64.ActiveCfg = Release|Any CPU
		{1668C912-965F-4D60-8F05-1932FECB6467}.Release|x64.Build.0 = Release|Any CPU
		{1668C912-965F-4D60-8F05-1932FECB6467}.Release|x86.ActiveCfg = Release|Any CPU
		{1668C912-965F-4D60-8F05-1932FECB6467}.Release|x86.Build.0 = Release|Any CPU
	EndGlobalSection
	GlobalSection(SolutionProperties) = preSolution
		HideSolutionNode = FALSE
	EndGlobalSection
	GlobalSection(NestedProjects) = preSolution
		{2377FE67-6DE4-4E5E-B1A4-B031780E4ED1} = {D4EA538B-BEFC-4AC4-885D-7B291607E8D6}
		{1D2BE32C-9103-45A5-BD27-127F2535FC43} = {D4EA538B-BEFC-4AC4-885D-7B291607E8D6}
		{0958F036-769C-4C57-9E59-8FF3DFB7E118} = {D4EA538B-BEFC-4AC4-885D-7B291607E8D6}
		{C5BE45D2-39F9-4FF5-90F4-2B83E305241D} = {D4EA538B-BEFC-4AC4-885D-7B291607E8D6}
		{C3D75DE8-8BDD-4EAD-A4E0-A0C4051F439E} = {D4EA538B-BEFC-4AC4-885D-7B291607E8D6}
		{9462664C-E6C1-4E62-A4A6-D2D59EB98386} = {D4EA538B-BEFC-4AC4-885D-7B291607E8D6}
		{1F2C5A7A-FBC9-488F-A4F4-3B49FAE9436C} = {D4EA538B-BEFC-4AC4-885D-7B291607E8D6}
		{574B4EB8-E87A-4FD8-B6A1-A2F478280858} = {D4EA538B-BEFC-4AC4-885D-7B291607E8D6}
		{6F36325A-F326-4814-BBAE-F3D7C274E7B4} = {2F570B66-3D14-455D-8B3C-7270332BE3D7}
		{5963EB81-3174-4980-8CFC-A4DAAA161A7B} = {D4EA538B-BEFC-4AC4-885D-7B291607E8D6}
		{23462FAD-DD30-4D69-8D34-B67694622C16} = {D4EA538B-BEFC-4AC4-885D-7B291607E8D6}
		{D2EE21F8-9328-4610-A2E6-617430D4A842} = {D4EA538B-BEFC-4AC4-885D-7B291607E8D6}
		{5D63AC19-F680-423E-8041-5F94D2BF3E04} = {6B6BD141-1A0A-4926-8C72-B6EDBD14E0E5}
		{80311E10-2AC3-4CBB-9A5F-9A5CA0B2965B} = {D4EA538B-BEFC-4AC4-885D-7B291607E8D6}
		{A0675CC1-C857-4666-BC2B-E915D13E9D8F} = {07C2787E-EAC7-C090-1BA3-A61EC2A24D84}
		{1668C912-965F-4D60-8F05-1932FECB6467} = {07C2787E-EAC7-C090-1BA3-A61EC2A24D84}
	EndGlobalSection
EndGlobal
