
Microsoft Visual Studio Solution File, Format Version 12.00
# Visual Studio Version 17
VisualStudioVersion = 17.0.31903.59
MinimumVisualStudioVersion = 10.0.40219.1
Project("{2150E333-8FDC-42A3-9474-1A3956D46DE8}") = "src", "src", "{D4EA538B-BEFC-4AC4-885D-7B291607E8D6}"
EndProject
Project("{FAE04EC0-301F-11D3-BF4B-00C04F79EFBC}") = "LongBetterWindows.Host", "src\LongBetterWindows.Host\LongBetterWindows.Host.csproj", "{2377FE67-6DE4-4E5E-B1A4-B031780E4ED1}"
EndProject
Global
	GlobalSection(SolutionConfigurationPlatforms) = preSolution
		Debug|Any CPU = Debug|Any CPU
		Release|Any CPU = Release|Any CPU
	EndGlobalSection
	GlobalSection(SolutionProperties) = preSolution
		HideSolutionNode = FALSE
	EndGlobalSection
	GlobalSection(ProjectConfigurationPlatforms) = postSolution
		{2377FE67-6DE4-4E5E-B1A4-B031780E4ED1}.Debug|Any CPU.ActiveCfg = Debug|Any CPU
		{2377FE67-6DE4-4E5E-B1A4-B031780E4ED1}.Debug|Any CPU.Build.0 = Debug|Any CPU
		{2377FE67-6DE4-4E5E-B1A4-B031780E4ED1}.Release|Any CPU.ActiveCfg = Release|Any CPU
		{2377FE67-6DE4-4E5E-B1A4-B031780E4ED1}.Release|Any CPU.Build.0 = Release|Any CPU
	EndGlobalSection
	GlobalSection(NestedProjects) = preSolution
		{2377FE67-6DE4-4E5E-B1A4-B031780E4ED1} = {D4EA538B-BEFC-4AC4-885D-7B291607E8D6}
	EndGlobalSection
EndGlobal
